
Microsoft Visual Studio Solution File, Format Version 12.00
Project("{FAE04EC0-301F-11D3-BF4B-00C04F79EFBC}") = "LinuxLearner", "LinuxLearner\LinuxLearner.csproj", "{678F189F-6E48-4F9D-BA7B-29BC17C872D1}"
EndProject
Project("{FAE04EC0-301F-11D3-BF4B-00C04F79EFBC}") = "LinuxLearner.Routes", "LinuxLearner.Routes\LinuxLearner.Routes.csproj", "{FB8364DD-DB32-4038-BA21-8025917D7C4D}"
EndProject
Project("{FAE04EC0-301F-11D3-BF4B-00C04F79EFBC}") = "LinuxLearner.IntegrationTests", "LinuxLearner.IntegrationTests\LinuxLearner.IntegrationTests.csproj", "{2F1484FA-EBA4-4D54-B3FF-E8CC6944D8A6}"
EndProject
Project("{FAE04EC0-301F-11D3-BF4B-00C04F79EFBC}") = "LinuxLearner.UnitTests", "LinuxLearner.UnitTests\LinuxLearner.UnitTests.csproj", "{7A42E040-9C34-4675-9F62-126519D7D16D}"
EndProject
Global
	GlobalSection(SolutionConfigurationPlatforms) = preSolution
		Debug|Any CPU = Debug|Any CPU
		Release|Any CPU = Release|Any CPU
	EndGlobalSection
	GlobalSection(ProjectConfigurationPlatforms) = postSolution
		{678F189F-6E48-4F9D-BA7B-29BC17C872D1}.Debug|Any CPU.ActiveCfg = Debug|Any CPU
		{678F189F-6E48-4F9D-BA7B-29BC17C872D1}.Debug|Any CPU.Build.0 = Debug|Any CPU
		{678F189F-6E48-4F9D-BA7B-29BC17C872D1}.Release|Any CPU.ActiveCfg = Release|Any CPU
		{678F189F-6E48-4F9D-BA7B-29BC17C872D1}.Release|Any CPU.Build.0 = Release|Any CPU
		{FB8364DD-DB32-4038-BA21-8025917D7C4D}.Debug|Any CPU.ActiveCfg = Debug|Any CPU
		{FB8364DD-DB32-4038-BA21-8025917D7C4D}.Debug|Any CPU.Build.0 = Debug|Any CPU
		{FB8364DD-DB32-4038-BA21-8025917D7C4D}.Release|Any CPU.ActiveCfg = Release|Any CPU
		{FB8364DD-DB32-4038-BA21-8025917D7C4D}.Release|Any CPU.Build.0 = Release|Any CPU
		{2F1484FA-EBA4-4D54-B3FF-E8CC6944D8A6}.Debug|Any CPU.ActiveCfg = Debug|Any CPU
		{2F1484FA-EBA4-4D54-B3FF-E8CC6944D8A6}.Debug|Any CPU.Build.0 = Debug|Any CPU
		{2F1484FA-EBA4-4D54-B3FF-E8CC6944D8A6}.Release|Any CPU.ActiveCfg = Release|Any CPU
		{2F1484FA-EBA4-4D54-B3FF-E8CC6944D8A6}.Release|Any CPU.Build.0 = Release|Any CPU
		{7A42E040-9C34-4675-9F62-126519D7D16D}.Debug|Any CPU.ActiveCfg = Debug|Any CPU
		{7A42E040-9C34-4675-9F62-126519D7D16D}.Debug|Any CPU.Build.0 = Debug|Any CPU
		{7A42E040-9C34-4675-9F62-126519D7D16D}.Release|Any CPU.ActiveCfg = Release|Any CPU
		{7A42E040-9C34-4675-9F62-126519D7D16D}.Release|Any CPU.Build.0 = Release|Any CPU
	EndGlobalSection
EndGlobal
